
Microsoft Visual Studio Solution File, Format Version 12.00
# Visual Studio Version 16
VisualStudioVersion = 16.0.32126.315
MinimumVisualStudioVersion = 10.0.40219.1
Project("{8BC9CEB8-8B4A-11D0-8D11-00A0C91BC942}") = "tutorial01", "tutorial01\tutorial01.vcxproj", "{82B3CA6E-4BF7-43A9-B6D7-7DC802F65A70}"
EndProject
Project("{8BC9CEB8-8B4A-11D0-8D11-00A0C91BC942}") = "tutorial02", "tutorial02\tutorial02.vcxproj", "{858B2A74-5D69-4499-AD7B-054F5DD23319}"
EndProject
Project("{8BC9CEB8-8B4A-11D0-8D11-00A0C91BC942}") = "tutorial03", "tutorial03\tutorial03.vcxproj", "{D7A5378B-30C9-40F5-9362-466E06480D73}"
EndProject
Project("{8BC9CEB8-8B4A-11D0-8D11-00A0C91BC942}") = "tutorial04", "tutorial04\tutorial04.vcxproj", "{33F8C6D2-9011-451F-B78C-92D1B0D0B8B6}"
EndProject
Project("{8BC9CEB8-8B4A-11D0-8D11-00A0C91BC942}") = "tutorial05", "tutorial05\tutorial05.vcxproj", "{758DF2A3-1E9D-47CA-808B-3C08485C3105}"
EndProject
Project("{8BC9CEB8-8B4A-11D0-8D11-00A0C91BC942}") = "tutorial06", "tutorial06\tutorial06.vcxproj", "{76F20B02-BAC1-4DC6-80B3-B3E45D201998}"
EndProject
Project("{8BC9CEB8-8B4A-11D0-8D11-00A0C91BC942}") = "tutorial07", "tutorial07\tutorial07.vcxproj", "{1563131E-7F5D-47C8-ADD7-658B459186DD}"
EndProject
Project("{8BC9CEB8-8B4A-11D0-8D11-00A0C91BC942}") = "tutorial08", "tutorial08\tutorial08.vcxproj", "{6143F97E-D25A-49A7-89A3-CED5C54540C0}"
EndProject
Project("{8BC9CEB8-8B4A-11D0-8D11-00A0C91BC942}") = "tutorial09", "tutorial09\tutorial09.vcxproj", "{C7CE2EFD-8C1C-4776-83A9-BE44D6918C2D}"
EndProject
Project("{8BC9CEB8-8B4A-11D0-8D11-00A0C91BC942}") = "tutorial10", "tutorial10\tutorial10.vcxproj", "{5871C76B-96CE-4191-99A5-3E8E9CE284BE}"
EndProject
Project("{8BC9CEB8-8B4A-11D0-8D11-00A0C91BC942}") = "tutorial11", "tutorial11\tutorial11.vcxproj", "{864C85B8-AD37-44FB-85E0-3D2152F852D1}"
EndProject
Project("{8BC9CEB8-8B4A-11D0-8D11-00A0C91BC942}") = "tutorial12", "tutorial12\tutorial12.vcxproj", "{C1ECF0FA-9CC2-493E-A9D0-7C012AABDC8B}"
EndProject
Project("{8BC9CEB8-8B4A-11D0-8D11-00A0C91BC942}") = "tutorial13", "tutorial13\tutorial13.vcxproj", "{70C3CB87-586F-4BAB-8629-C7D0F3CE8C9B}"
EndProject
Project("{8BC9CEB8-8B4A-11D0-8D11-00A0C91BC942}") = "tutorial14", "tutorial14\tutorial14.vcxproj", "{B5492C59-60F1-4DB6-9034-59CAEAEEE12A}"
EndProject
Project("{8BC9CEB8-8B4A-11D0-8D11-00A0C91BC942}") = "tutorial15", "tutorial15\tutorial15.vcxproj", "{0F473084-8EC8-480E-87B2-A0320D7D7728}"
EndProject
Project("{8BC9CEB8-8B4A-11D0-8D11-00A0C91BC942}") = "tutorial16", "tutorial16\tutorial16.vcxproj", "{5184938B-5AA5-40B7-83BB-87D6CB98D4D3}"
EndProject
Project("{8BC9CEB8-8B4A-11D0-8D11-00A0C91BC942}") = "tutorial17", "tutorial17\tutorial17.vcxproj", "{997F98FF-7861-4416-82D4-07D9965EB560}"
EndProject
Project("{8BC9CEB8-8B4A-11D0-8D11-00A0C91BC942}") = "tutorial18", "tutorial18\tutorial18.vcxproj", "{2401B13F-3583-49B1-A37C-E2F0BA723A4D}"
EndProject
Project("{8BC9CEB8-8B4A-11D0-8D11-00A0C91BC942}") = "tutorial19", "tutorial19\tutorial19.vcxproj", "{BB635E9D-8146-4CE4-A278-7A7DA2DD099C}"
EndProject
Project("{8BC9CEB8-8B4A-11D0-8D11-00A0C91BC942}") = "tutorial20", "tutorial20\tutorial20.vcxproj", "{F74EE24C-E49B-4F3D-B232-436F3814C3DA}"
EndProject
Project("{8BC9CEB8-8B4A-11D0-8D11-00A0C91BC942}") = "tutorial21", "tutorial21\tutorial21.vcxproj", "{BCBBCC4A-64B0-4182-ACBB-3220FBC4F42F}"
EndProject
Project("{8BC9CEB8-8B4A-11D0-8D11-00A0C91BC942}") = "tutorial22", "tutorial22\tutorial22.vcxproj", "{57A9198E-D69C-4113-9B25-087CAB7CF361}"
EndProject
Project("{8BC9CEB8-8B4A-11D0-8D11-00A0C91BC942}") = "tutorial23", "tutorial23\tutorial23.vcxproj", "{9B7E3491-BD4A-46FC-90C0-7970C3862316}"
EndProject
Project("{8BC9CEB8-8B4A-11D0-8D11-00A0C91BC942}") = "tutorial24", "tutorial24\tutorial24.vcxproj", "{648E3E98-8324-4259-8FAA-7F59CD04396D}"
EndProject
Project("{8BC9CEB8-8B4A-11D0-8D11-00A0C91BC942}") = "tutorial25", "tutorial25\tutorial25.vcxproj", "{8E9F31BF-A36E-4A5C-9A07-3E9C4321B7B4}"
EndProject
Project("{8BC9CEB8-8B4A-11D0-8D11-00A0C91BC942}") = "tutorial26", "tutorial26\tutorial26.vcxproj", "{D145CE23-14B0-4180-B619-BAA9A432CCC8}"
EndProject
Project("{8BC9CEB8-8B4A-11D0-8D11-00A0C91BC942}") = "tutorial27", "tutorial27\tutorial27.vcxproj", "{4228EEE6-CFF4-4F72-A526-41B1AD9FAD4D}"
EndProject
Project("{8BC9CEB8-8B4A-11D0-8D11-00A0C91BC942}") = "tutorial28", "tutorial28\tutorial28.vcxproj", "{C31D1296-0CCC-4F14-8B9E-668FF592F8CF}"
EndProject
Project("{8BC9CEB8-8B4A-11D0-8D11-00A0C91BC942}") = "tutorial29", "tutorial29\tutorial29.vcxproj", "{A387741C-F8F8-423E-9EDE-D8F440172C9F}"
EndProject
Project("{8BC9CEB8-8B4A-11D0-8D11-00A0C91BC942}") = "tutorial30", "tutorial30\tutorial30.vcxproj", "{7E89E310-0993-4ACF-8D1F-1EF6552A9C5C}"
EndProject
Project("{8BC9CEB8-8B4A-11D0-8D11-00A0C91BC942}") = "tutorial31", "tutorial31\tutorial31.vcxproj", "{F4887688-2103-48C1-958E-5FBDCF83BFFA}"
EndProject
Project("{8BC9CEB8-8B4A-11D0-8D11-00A0C91BC942}") = "tutorial32", "tutorial32\tutorial32.vcxproj", "{C27F8A61-37A2-4FB3-A6DC-533DF86D39AD}"
EndProject
Project("{8BC9CEB8-8B4A-11D0-8D11-00A0C91BC942}") = "tutorial33", "tutorial33\tutorial33.vcxproj", "{985C54EE-3CA7-4AE6-B83E-0D90E0190B10}"
EndProject
Project("{8BC9CEB8-8B4A-11D0-8D11-00A0C91BC942}") = "tutorial34", "tutorial34\tutorial34.vcxproj", "{C6EC9373-2CD6-4F23-8B1F-1593B6157724}"
EndProject
Project("{8BC9CEB8-8B4A-11D0-8D11-00A0C91BC942}") = "tutorial35", "tutorial35\tutorial35.vcxproj", "{CA96BE72-E51A-4F96-ADA4-DC2937750DC8}"
EndProject
Project("{8BC9CEB8-8B4A-11D0-8D11-00A0C91BC942}") = "tutorial36", "tutorial36\tutorial36.vcxproj", "{3015716C-94AB-4083-9535-C1BABEF37BDD}"
EndProject
Project("{8BC9CEB8-8B4A-11D0-8D11-00A0C91BC942}") = "tutorial37", "tutorial37\tutorial37.vcxproj", "{F47482F8-50BE-42F0-B51D-39AD645252C9}"
EndProject
Global
	GlobalSection(SolutionConfigurationPlatforms) = preSolution
		Debug|x86 = Debug|x86
		Release|x86 = Release|x86
	EndGlobalSection
	GlobalSection(ProjectConfigurationPlatforms) = postSolution
		{82B3CA6E-4BF7-43A9-B6D7-7DC802F65A70}.Debug|x86.ActiveCfg = Debug|Win32
		{82B3CA6E-4BF7-43A9-B6D7-7DC802F65A70}.Debug|x86.Build.0 = Debug|Win32
		{82B3CA6E-4BF7-43A9-B6D7-7DC802F65A70}.Release|x86.ActiveCfg = Release|Win32
		{82B3CA6E-4BF7-43A9-B6D7-7DC802F65A70}.Release|x86.Build.0 = Release|Win32
		{858B2A74-5D69-4499-AD7B-054F5DD23319}.Debug|x86.ActiveCfg = Debug|Win32
		{858B2A74-5D69-4499-AD7B-054F5DD23319}.Debug|x86.Build.0 = Debug|Win32
		{858B2A74-5D69-4499-AD7B-054F5DD23319}.Release|x86.ActiveCfg = Release|Win32
		{858B2A74-5D69-4499-AD7B-054F5DD23319}.Release|x86.Build.0 = Release|Win32
		{D7A5378B-30C9-40F5-9362-466E06480D73}.Debug|x86.ActiveCfg = Debug|Win32
		{D7A5378B-30C9-40F5-9362-466E06480D73}.Debug|x86.Build.0 = Debug|Win32
		{D7A5378B-30C9-40F5-9362-466E06480D73}.Release|x86.ActiveCfg = Release|Win32
		{D7A5378B-30C9-40F5-9362-466E06480D73}.Release|x86.Build.0 = Release|Win32
		{33F8C6D2-9011-451F-B78C-92D1B0D0B8B6}.Debug|x86.ActiveCfg = Debug|Win32
		{33F8C6D2-9011-451F-B78C-92D1B0D0B8B6}.Debug|x86.Build.0 = Debug|Win32
		{33F8C6D2-9011-451F-B78C-92D1B0D0B8B6}.Release|x86.ActiveCfg = Release|Win32
		{33F8C6D2-9011-451F-B78C-92D1B0D0B8B6}.Release|x86.Build.0 = Release|Win32
		{758DF2A3-1E9D-47CA-808B-3C08485C3105}.Debug|x86.ActiveCfg = Debug|Win32
		{758DF2A3-1E9D-47CA-808B-3C08485C3105}.Debug|x86.Build.0 = Debug|Win32
		{758DF2A3-1E9D-47CA-808B-3C08485C3105}.Release|x86.ActiveCfg = Release|Win32
		{758DF2A3-1E9D-47CA-808B-3C08485C3105}.Release|x86.Build.0 = Release|Win32
		{76F20B02-BAC1-4DC6-80B3-B3E45D201998}.Debug|x86.ActiveCfg = Debug|Win32
		{76F20B02-BAC1-4DC6-80B3-B3E45D201998}.Debug|x86.Build.0 = Debug|Win32
		{76F20B02-BAC1-4DC6-80B3-B3E45D201998}.Release|x86.ActiveCfg = Release|Win32
		{76F20B02-BAC1-4DC6-80B3-B3E45D201998}.Release|x86.Build.0 = Release|Win32
		{1563131E-7F5D-47C8-ADD7-658B459186DD}.Debug|x86.ActiveCfg = Debug|Win32
		{1563131E-7F5D-47C8-ADD7-658B459186DD}.Debug|x86.Build.0 = Debug|Win32
		{1563131E-7F5D-47C8-ADD7-658B459186DD}.Release|x86.ActiveCfg = Release|Win32
		{1563131E-7F5D-47C8-ADD7-658B459186DD}.Release|x86.Build.0 = Release|Win32
		{6143F97E-D25A-49A7-89A3-CED5C54540C0}.Debug|x86.ActiveCfg = Debug|Win32
		{6143F97E-D25A-49A7-89A3-CED5C54540C0}.Debug|x86.Build.0 = Debug|Win32
		{6143F97E-D25A-49A7-89A3-CED5C54540C0}.Release|x86.ActiveCfg = Release|Win32
		{6143F97E-D25A-49A7-89A3-CED5C54540C0}.Release|x86.Build.0 = Release|Win32
		{C7CE2EFD-8C1C-4776-83A9-BE44D6918C2D}.Debug|x86.ActiveCfg = Debug|Win32
		{C7CE2EFD-8C1C-4776-83A9-BE44D6918C2D}.Debug|x86.Build.0 = Debug|Win32
		{C7CE2EFD-8C1C-4776-83A9-BE44D6918C2D}.Release|x86.ActiveCfg = Release|Win32
		{C7CE2EFD-8C1C-4776-83A9-BE44D6918C2D}.Release|x86.Build.0 = Release|Win32
		{5871C76B-96CE-4191-99A5-3E8E9CE284BE}.Debug|x86.ActiveCfg = Debug|Win32
		{5871C76B-96CE-4191-99A5-3E8E9CE284BE}.Debug|x86.Build.0 = Debug|Win32
		{5871C76B-96CE-4191-99A5-3E8E9CE284BE}.Release|x86.ActiveCfg = Release|Win32
		{5871C76B-96CE-4191-99A5-3E8E9CE284BE}.Release|x86.Build.0 = Release|Win32
		{864C85B8-AD37-44FB-85E0-3D2152F852D1}.Debug|x86.ActiveCfg = Debug|Win32
		{864C85B8-AD37-44FB-85E0-3D2152F852D1}.Debug|x86.Build.0 = Debug|Win32
		{864C85B8-AD37-44FB-85E0-3D2152F852D1}.Release|x86.ActiveCfg = Release|Win32
		{864C85B8-AD37-44FB-85E0-3D2152F852D1}.Release|x86.Build.0 = Release|Win32
		{C1ECF0FA-9CC2-493E-A9D0-7C012AABDC8B}.Debug|x86.ActiveCfg = Debug|Win32
		{C1ECF0FA-9CC2-493E-A9D0-7C012AABDC8B}.Debug|x86.Build.0 = Debug|Win32
		{C1ECF0FA-9CC2-493E-A9D0-7C012AABDC8B}.Release|x86.ActiveCfg = Release|Win32
		{C1ECF0FA-9CC2-493E-A9D0-7C012AABDC8B}.Release|x86.Build.0 = Release|Win32
		{70C3CB87-586F-4BAB-8629-C7D0F3CE8C9B}.Debug|x86.ActiveCfg = Debug|Win32
		{70C3CB87-586F-4BAB-8629-C7D0F3CE8C9B}.Debug|x86.Build.0 = Debug|Win32
		{70C3CB87-586F-4BAB-8629-C7D0F3CE8C9B}.Release|x86.ActiveCfg = Release|Win32
		{70C3CB87-586F-4BAB-8629-C7D0F3CE8C9B}.Release|x86.Build.0 = Release|Win32
		{B5492C59-60F1-4DB6-9034-59CAEAEEE12A}.Debug|x86.ActiveCfg = Debug|Win32
		{B5492C59-60F1-4DB6-9034-59CAEAEEE12A}.Debug|x86.Build.0 = Debug|Win32
		{B5492C59-60F1-4DB6-9034-59CAEAEEE12A}.Release|x86.ActiveCfg = Release|Win32
		{B5492C59-60F1-4DB6-9034-59CAEAEEE12A}.Release|x86.Build.0 = Release|Win32
		{0F473084-8EC8-480E-87B2-A0320D7D7728}.Debug|x86.ActiveCfg = Debug|Win32
		{0F473084-8EC8-480E-87B2-A0320D7D7728}.Debug|x86.Build.0 = Debug|Win32
		{0F473084-8EC8-480E-87B2-A0320D7D7728}.Release|x86.ActiveCfg = Release|Win32
		{0F473084-8EC8-480E-87B2-A0320D7D7728}.Release|x86.Build.0 = Release|Win32
		{5184938B-5AA5-40B7-83BB-87D6CB98D4D3}.Debug|x86.ActiveCfg = Debug|Win32
		{5184938B-5AA5-40B7-83BB-87D6CB98D4D3}.Debug|x86.Build.0 = Debug|Win32
		{5184938B-5AA5-40B7-83BB-87D6CB98D4D3}.Release|x86.ActiveCfg = Release|Win32
		{5184938B-5AA5-40B7-83BB-87D6CB98D4D3}.Release|x86.Build.0 = Release|Win32
		{997F98FF-7861-4416-82D4-07D9965EB560}.Debug|x86.ActiveCfg = Debug|Win32
		{997F98FF-7861-4416-82D4-07D9965EB560}.Debug|x86.Build.0 = Debug|Win32
		{997F98FF-7861-4416-82D4-07D9965EB560}.Release|x86.ActiveCfg = Release|Win32
		{997F98FF-7861-4416-82D4-07D9965EB560}.Release|x86.Build.0 = Release|Win32
		{2401B13F-3583-49B1-A37C-E2F0BA723A4D}.Debug|x86.ActiveCfg = Debug|Win32
		{2401B13F-3583-49B1-A37C-E2F0BA723A4D}.Debug|x86.Build.0 = Debug|Win32
		{2401B13F-3583-49B1-A37C-E2F0BA723A4D}.Release|x86.ActiveCfg = Release|Win32
		{2401B13F-3583-49B1-A37C-E2F0BA723A4D}.Release|x86.Build.0 = Release|Win32
		{BB635E9D-8146-4CE4-A278-7A7DA2DD099C}.Debug|x86.ActiveCfg = Debug|Win32
		{BB635E9D-8146-4CE4-A278-7A7DA2DD099C}.Debug|x86.Build.0 = Debug|Win32
		{BB635E9D-8146-4CE4-A278-7A7DA2DD099C}.Release|x86.ActiveCfg = Release|Win32
		{BB635E9D-8146-4CE4-A278-7A7DA2DD099C}.Release|x86.Build.0 = Release|Win32
		{F74EE24C-E49B-4F3D-B232-436F3814C3DA}.Debug|x86.ActiveCfg = Debug|Win32
		{F74EE24C-E49B-4F3D-B232-436F3814C3DA}.Debug|x86.Build.0 = Debug|Win32
		{F74EE24C-E49B-4F3D-B232-436F3814C3DA}.Release|x86.ActiveCfg = Release|Win32
		{F74EE24C-E49B-4F3D-B232-436F3814C3DA}.Release|x86.Build.0 = Release|Win32
		{BCBBCC4A-64B0-4182-ACBB-3220FBC4F42F}.Debug|x86.ActiveCfg = Debug|Win32
		{BCBBCC4A-64B0-4182-ACBB-3220FBC4F42F}.Debug|x86.Build.0 = Debug|Win32
		{BCBBCC4A-64B0-4182-ACBB-3220FBC4F42F}.Release|x86.ActiveCfg = Release|Win32
		{BCBBCC4A-64B0-4182-ACBB-3220FBC4F42F}.Release|x86.Build.0 = Release|Win32
		{57A9198E-D69C-4113-9B25-087CAB7CF361}.Debug|x86.ActiveCfg = Debug|Win32
		{57A9198E-D69C-4113-9B25-087CAB7CF361}.Debug|x86.Build.0 = Debug|Win32
		{57A9198E-D69C-4113-9B25-087CAB7CF361}.Release|x86.ActiveCfg = Release|Win32
		{57A9198E-D69C-4113-9B25-087CAB7CF361}.Release|x86.Build.0 = Release|Win32
		{9B7E3491-BD4A-46FC-90C0-7970C3862316}.Debug|x86.ActiveCfg = Debug|Win32
		{9B7E3491-BD4A-46FC-90C0-7970C3862316}.Debug|x86.Build.0 = Debug|Win32
		{9B7E3491-BD4A-46FC-90C0-7970C3862316}.Release|x86.ActiveCfg = Release|Win32
		{9B7E3491-BD4A-46FC-90C0-7970C3862316}.Release|x86.Build.0 = Release|Win32
		{648E3E98-8324-4259-8FAA-7F59CD04396D}.Debug|x86.ActiveCfg = Debug|Win32
		{648E3E98-8324-4259-8FAA-7F59CD04396D}.Debug|x86.Build.0 = Debug|Win32
		{648E3E98-8324-4259-8FAA-7F59CD04396D}.Release|x86.ActiveCfg = Release|Win32
		{648E3E98-8324-4259-8FAA-7F59CD04396D}.Release|x86.Build.0 = Release|Win32
		{8E9F31BF-A36E-4A5C-9A07-3E9C4321B7B4}.Debug|x86.ActiveCfg = Debug|Win32
		{8E9F31BF-A36E-4A5C-9A07-3E9C4321B7B4}.Debug|x86.Build.0 = Debug|Win32
		{8E9F31BF-A36E-4A5C-9A07-3E9C4321B7B4}.Release|x86.ActiveCfg = Release|Win32
		{8E9F31BF-A36E-4A5C-9A07-3E9C4321B7B4}.Release|x86.Build.0 = Release|Win32
		{D145CE23-14B0-4180-B619-BAA9A432CCC8}.Debug|x86.ActiveCfg = Debug|Win32
		{D145CE23-14B0-4180-B619-BAA9A432CCC8}.Debug|x86.Build.0 = Debug|Win32
		{D145CE23-14B0-4180-B619-BAA9A432CCC8}.Release|x86.ActiveCfg = Release|Win32
		{D145CE23-14B0-4180-B619-BAA9A432CCC8}.Release|x86.Build.0 = Release|Win32
		{4228EEE6-CFF4-4F72-A526-41B1AD9FAD4D}.Debug|x86.ActiveCfg = Debug|Win32
		{4228EEE6-CFF4-4F72-A526-41B1AD9FAD4D}.Debug|x86.Build.0 = Debug|Win32
		{4228EEE6-CFF4-4F72-A526-41B1AD9FAD4D}.Release|x86.ActiveCfg = Release|Win32
		{4228EEE6-CFF4-4F72-A526-41B1AD9FAD4D}.Release|x86.Build.0 = Release|Win32
		{C31D1296-0CCC-4F14-8B9E-668FF592F8CF}.Debug|x86.ActiveCfg = Debug|Win32
		{C31D1296-0CCC-4F14-8B9E-668FF592F8CF}.Debug|x86.Build.0 = Debug|Win32
		{C31D1296-0CCC-4F14-8B9E-668FF592F8CF}.Release|x86.ActiveCfg = Release|Win32
		{C31D1296-0CCC-4F14-8B9E-668FF592F8CF}.Release|x86.Build.0 = Release|Win32
		{A387741C-F8F8-423E-9EDE-D8F440172C9F}.Debug|x86.ActiveCfg = Debug|Win32
		{A387741C-F8F8-423E-9EDE-D8F440172C9F}.Debug|x86.Build.0 = Debug|Win32
		{A387741C-F8F8-423E-9EDE-D8F440172C9F}.Release|x86.ActiveCfg = Release|Win32
		{A387741C-F8F8-423E-9EDE-D8F440172C9F}.Release|x86.Build.0 = Release|Win32
		{7E89E310-0993-4ACF-8D1F-1EF6552A9C5C}.Debug|x86.ActiveCfg = Debug|Win32
		{7E89E310-0993-4ACF-8D1F-1EF6552A9C5C}.Debug|x86.Build.0 = Debug|Win32
		{7E89E310-0993-4ACF-8D1F-1EF6552A9C5C}.Release|x86.ActiveCfg = Release|Win32
		{7E89E310-0993-4ACF-8D1F-1EF6552A9C5C}.Release|x86.Build.0 = Release|Win32
		{F4887688-2103-48C1-958E-5FBDCF83BFFA}.Debug|x86.ActiveCfg = Debug|Win32
		{F4887688-2103-48C1-958E-5FBDCF83BFFA}.Debug|x86.Build.0 = Debug|Win32
		{F4887688-2103-48C1-958E-5FBDCF83BFFA}.Release|x86.ActiveCfg = Release|Win32
		{F4887688-2103-48C1-958E-5FBDCF83BFFA}.Release|x86.Build.0 = Release|Win32
		{C27F8A61-37A2-4FB3-A6DC-533DF86D39AD}.Debug|x86.ActiveCfg = Debug|Win32
		{C27F8A61-37A2-4FB3-A6DC-533DF86D39AD}.Debug|x86.Build.0 = Debug|Win32
		{C27F8A61-37A2-4FB3-A6DC-533DF86D39AD}.Release|x86.ActiveCfg = Release|Win32
		{C27F8A61-37A2-4FB3-A6DC-533DF86D39AD}.Release|x86.Build.0 = Release|Win32
		{985C54EE-3CA7-4AE6-B83E-0D90E0190B10}.Debug|x86.ActiveCfg = Debug|Win32
		{985C54EE-3CA7-4AE6-B83E-0D90E0190B10}.Debug|x86.Build.0 = Debug|Win32
		{985C54EE-3CA7-4AE6-B83E-0D90E0190B10}.Release|x86.ActiveCfg = Release|Win32
		{985C54EE-3CA7-4AE6-B83E-0D90E0190B10}.Release|x86.Build.0 = Release|Win32
		{C6EC9373-2CD6-4F23-8B1F-1593B6157724}.Debug|x86.ActiveCfg = Debug|Win32
		{C6EC9373-2CD6-4F23-8B1F-1593B6157724}.Debug|x86.Build.0 = Debug|Win32
		{C6EC9373-2CD6-4F23-8B1F-1593B6157724}.Release|x86.ActiveCfg = Release|Win32
		{C6EC9373-2CD6-4F23-8B1F-1593B6157724}.Release|x86.Build.0 = Release|Win32
		{CA96BE72-E51A-4F96-ADA4-DC2937750DC8}.Debug|x86.ActiveCfg = Debug|Win32
		{CA96BE72-E51A-4F96-ADA4-DC2937750DC8}.Debug|x86.Build.0 = Debug|Win32
		{CA96BE72-E51A-4F96-ADA4-DC2937750DC8}.Release|x86.ActiveCfg = Release|Win32
		{CA96BE72-E51A-4F96-ADA4-DC2937750DC8}.Release|x86.Build.0 = Release|Win32
		{3015716C-94AB-4083-9535-C1BABEF37BDD}.Debug|x86.ActiveCfg = Debug|Win32
		{3015716C-94AB-4083-9535-C1BABEF37BDD}.Debug|x86.Build.0 = Debug|Win32
		{3015716C-94AB-4083-9535-C1BABEF37BDD}.Release|x86.ActiveCfg = Release|Win32
		{3015716C-94AB-4083-9535-C1BABEF37BDD}.Release|x86.Build.0 = Release|Win32
		{F47482F8-50BE-42F0-B51D-39AD645252C9}.Debug|x86.ActiveCfg = Debug|Win32
		{F47482F8-50BE-42F0-B51D-39AD645252C9}.Debug|x86.Build.0 = Debug|Win32
		{F47482F8-50BE-42F0-B51D-39AD645252C9}.Release|x86.ActiveCfg = Release|Win32
		{F47482F8-50BE-42F0-B51D-39AD645252C9}.Release|x86.Build.0 = Release|Win32
	EndGlobalSection
	GlobalSection(SolutionProperties) = preSolution
		HideSolutionNode = FALSE
	EndGlobalSection
	GlobalSection(ExtensibilityGlobals) = postSolution
		SolutionGuid = {B9D34ECE-2DAA-42BB-847C-7B431151BDCF}
	EndGlobalSection
EndGlobal
