<?xml version="1.0" encoding="utf-8"?>
<Project ToolsVersion="4.0" xmlns="http://schemas.microsoft.com/developer/msbuild/2003">
  <ItemGroup>
    <Filter Include="Source Files">
      <UniqueIdentifier>{4FC737F1-C7A5-4376-A066-2A32D752A2FF}</UniqueIdentifier>
      <Extensions>cpp;c;cc;cxx;def;odl;idl;hpj;bat;asm;asmx</Extensions>
    </Filter>
    <Filter Include="Header Files">
      <UniqueIdentifier>{93995380-89BD-4b04-88EB-625FBE52EBFB}</UniqueIdentifier>
      <Extensions>h;hh;hpp;hxx;hm;inl;inc;xsd</Extensions>
    </Filter>
    <Filter Include="Resource Files">
      <UniqueIdentifier>{67DA6AB6-F800-4c08-8B7A-83BB121AAD01}</UniqueIdentifier>
      <Extensions>rc;ico;cur;bmp;dlg;rc2;rct;bin;rgs;gif;jpg;jpeg;jpe;resx;tiff;tif;png;wav;mfcribbon-ms</Extensions>
    </Filter>
  </ItemGroup>
  <ItemGroup>
    <ClInclude Include="t35_callbacks.h">
      <Filter>Header Files</Filter>
    </ClInclude>
    <ClInclude Include="t35_camera.h">
      <Filter>Header Files</Filter>
    </ClInclude>
    <ClInclude Include="t35_ds_geom_pass_tech.h">
      <Filter>Header Files</Filter>
    </ClInclude>
    <ClInclude Include="t35_engine_common.h">
      <Filter>Header Files</Filter>
    </ClInclude>
    <ClInclude Include="t35_gbuffer.h">
      <Filter>Header Files</Filter>
    </ClInclude>
    <ClInclude Include="t35_glut_backend.h">
      <Filter>Header Files</Filter>
    </ClInclude>
    <ClInclude Include="t35_math_3d.h">
      <Filter>Header Files</Filter>
    </ClInclude>
    <ClInclude Include="t35_mesh.h">
      <Filter>Header Files</Filter>
    </ClInclude>
    <ClInclude Include="t35_pipeline.h">
      <Filter>Header Files</Filter>
    </ClInclude>
    <ClInclude Include="t35_technique.h">
      <Filter>Header Files</Filter>
    </ClInclude>
    <ClInclude Include="t35_texture.h">
      <Filter>Header Files</Filter>
    </ClInclude>
    <ClInclude Include="t35_util.h">
      <Filter>Header Files</Filter>
    </ClInclude>
    <ClInclude Include="t35_mainapp.h">
      <Filter>Header Files</Filter>
    </ClInclude>
  </ItemGroup>
  <ItemGroup>
    <ClCompile Include="t35_camera.cpp">
      <Filter>Source Files</Filter>
    </ClCompile>
    <ClCompile Include="t35_ds_geom_pass_tech.cpp">
      <Filter>Source Files</Filter>
    </ClCompile>
    <ClCompile Include="t35_gbuffer.cpp">
      <Filter>Source Files</Filter>
    </ClCompile>
    <ClCompile Include="t35_glut_backend.cpp">
      <Filter>Source Files</Filter>
    </ClCompile>
    <ClCompile Include="t35_main.cpp">
      <Filter>Source Files</Filter>
    </ClCompile>
    <ClCompile Include="t35_math_3d.cpp">
      <Filter>Source Files</Filter>
    </ClCompile>
    <ClCompile Include="t35_mesh.cpp">
      <Filter>Source Files</Filter>
    </ClCompile>
    <ClCompile Include="t35_pipeline.cpp">
      <Filter>Source Files</Filter>
    </ClCompile>
    <ClCompile Include="t35_technique.cpp">
      <Filter>Source Files</Filter>
    </ClCompile>
    <ClCompile Include="t35_texture.cpp">
      <Filter>Source Files</Filter>
    </ClCompile>
    <ClCompile Include="t35_mainapp.cpp">
      <Filter>Source Files</Filter>
    </ClCompile>
    <ClCompile Include="t35_util.cpp">
      <Filter>Source Files</Filter>
    </ClCompile>
  </ItemGroup>
  <ItemGroup>
    <None Include="shaders\geometry_pass.fs">
      <Filter>Resource Files</Filter>
    </None>
    <None Include="shaders\geometry_pass.vs">
      <Filter>Resource Files</Filter>
    </None>
  </ItemGroup>
</Project>