<?xml version="1.0" encoding="utf-8"?>
<Project ToolsVersion="4.0" xmlns="http://schemas.microsoft.com/developer/msbuild/2003">
  <ItemGroup>
    <Filter Include="Source Files">
      <UniqueIdentifier>{4FC737F1-C7A5-4376-A066-2A32D752A2FF}</UniqueIdentifier>
      <Extensions>cpp;c;cc;cxx;def;odl;idl;hpj;bat;asm;asmx</Extensions>
    </Filter>
    <Filter Include="Header Files">
      <UniqueIdentifier>{93995380-89BD-4b04-88EB-625FBE52EBFB}</UniqueIdentifier>
      <Extensions>h;hh;hpp;hxx;hm;inl;inc;xsd</Extensions>
    </Filter>
    <Filter Include="Resource Files">
      <UniqueIdentifier>{67DA6AB6-F800-4c08-8B7A-83BB121AAD01}</UniqueIdentifier>
      <Extensions>rc;ico;cur;bmp;dlg;rc2;rct;bin;rgs;gif;jpg;jpeg;jpe;resx;tiff;tif;png;wav;mfcribbon-ms</Extensions>
    </Filter>
    <Filter Include="Header Files\stb_image">
      <UniqueIdentifier>{26e5bbee-7ce8-4651-a94c-1f741f92b90f}</UniqueIdentifier>
    </Filter>
    <Filter Include="Source Files\stb_image">
      <UniqueIdentifier>{1414f4c9-58e3-4cae-8a00-04bcba58f56f}</UniqueIdentifier>
    </Filter>
  </ItemGroup>
  <ItemGroup>
    <ClInclude Include="t40_engine_common.h">
      <Filter>Header Files</Filter>
    </ClInclude>
    <ClInclude Include="t40_mesh.h">
      <Filter>Header Files</Filter>
    </ClInclude>
    <ClInclude Include="t40_null_technique.h">
      <Filter>Header Files</Filter>
    </ClInclude>
    <ClInclude Include="t40_shadow_volume_technique.h">
      <Filter>Header Files</Filter>
    </ClInclude>
    <ClInclude Include="t40_app.h">
      <Filter>Header Files</Filter>
    </ClInclude>
    <ClInclude Include="t40_basic_lighting.h">
      <Filter>Header Files</Filter>
    </ClInclude>
    <ClInclude Include="t40_camera.h">
      <Filter>Header Files</Filter>
    </ClInclude>
    <ClInclude Include="t40_glut_backend.h">
      <Filter>Header Files</Filter>
    </ClInclude>
    <ClInclude Include="t40_pipeline.h">
      <Filter>Header Files</Filter>
    </ClInclude>
    <ClInclude Include="t40_texture.h">
      <Filter>Header Files</Filter>
    </ClInclude>
    <ClInclude Include="t40_util.h">
      <Filter>Header Files</Filter>
    </ClInclude>
    <ClInclude Include="t40_math_3d.h">
      <Filter>Header Files</Filter>
    </ClInclude>
    <ClInclude Include="t40_types.h">
      <Filter>Header Files</Filter>
    </ClInclude>
    <ClInclude Include="stb_image\stb_image.h">
      <Filter>Header Files\stb_image</Filter>
    </ClInclude>
    <ClInclude Include="stb_image\stb_image_write.h">
      <Filter>Header Files\stb_image</Filter>
    </ClInclude>
    <ClInclude Include="t40_lights_common.h">
      <Filter>Header Files</Filter>
    </ClInclude>
    <ClInclude Include="t40_keys.h">
      <Filter>Header Files</Filter>
    </ClInclude>
    <ClInclude Include="t40_technique.h">
      <Filter>Header Files</Filter>
    </ClInclude>
    <ClInclude Include="t40_callbacks.h">
      <Filter>Header Files</Filter>
    </ClInclude>
    <ClInclude Include="t40_world_transform.h">
      <Filter>Header Files</Filter>
    </ClInclude>
  </ItemGroup>
  <ItemGroup>
    <ClCompile Include="t40_main.cpp">
      <Filter>Source Files</Filter>
    </ClCompile>
    <ClCompile Include="t40_mesh.cpp">
      <Filter>Source Files</Filter>
    </ClCompile>
    <ClCompile Include="t40_null_technique.cpp">
      <Filter>Source Files</Filter>
    </ClCompile>
    <ClCompile Include="t40_shadow_volume_technique.cpp">
      <Filter>Source Files</Filter>
    </ClCompile>
    <ClCompile Include="t40_app.cpp">
      <Filter>Source Files</Filter>
    </ClCompile>
    <ClCompile Include="t40_basic_lighting.cpp">
      <Filter>Source Files</Filter>
    </ClCompile>
    <ClCompile Include="t40_camera.cpp">
      <Filter>Source Files</Filter>
    </ClCompile>
    <ClCompile Include="t40_glut_backend.cpp">
      <Filter>Source Files</Filter>
    </ClCompile>
    <ClCompile Include="t40_pipeline.cpp">
      <Filter>Source Files</Filter>
    </ClCompile>
    <ClCompile Include="t40_texture.cpp">
      <Filter>Source Files</Filter>
    </ClCompile>
    <ClCompile Include="t40_util.cpp">
      <Filter>Source Files</Filter>
    </ClCompile>
    <ClCompile Include="t40_math_3d.cpp">
      <Filter>Source Files</Filter>
    </ClCompile>
    <ClCompile Include="stb_image\stb_image.cpp">
      <Filter>Source Files\stb_image</Filter>
    </ClCompile>
    <ClCompile Include="t40_technique.cpp">
      <Filter>Source Files</Filter>
    </ClCompile>
    <ClCompile Include="t40_world_transform.cpp">
      <Filter>Source Files</Filter>
    </ClCompile>
  </ItemGroup>
</Project>